github.com/davecgh/go-spew v1.1.1/go.mod h1:J7Y8YcW2NihsgmVo/mv3lAwl/skON4iLHjSsI+c5H38=
github.com/markbates/deplist v1.0.5 h1:BKTJDTV5EynLGvTyONdgYVvV34DWq20mJAfGBCP+AYs=
github.com/markbates/deplist v1.0.5/go.mod h1:gRRbPbbuA8TmMiRvaOzUlRfzfjeCCBqX2A6arxN01MM=
github.com/markbates/oncer v0.0.0-20180924034138-723ad0170a46 h1:hE7AFWf+YsdjT67d8uMxhirH3FG5Up2ovbwFWjamdt4=
github.com/markbates/oncer v0.0.0-20180924034138-723ad0170a46/go.mod h1:Ld9puTsIW75CHf65OeIOkyKbteujpZVXDpWK6YGZbxE=
github.com/pkg/errors v0.8.0 h1:WdK/asTD0HN+q6hsWO3/vpuAkAr+tw6aNJNDFFf0+qw=
github.com/pkg/errors v0.8.0/go.mod h1:bwawxfHBFNV+L2hUp1rHADufV3IMtnDRdf1r5NINEl0=
github.com/pmezard/go-difflib v1.0.0/go.mod h1:iKH77koFhYxTK1pcRnkKkqfTogsbg7gZNVY4sRDYZ/4=
github.com/stretchr/testify v1.2.2/go.mod h1:a8OnRcib4nhh0OaRAV+Yts87kKdq0PP7pXfy6kDkUVs=
